
Microsoft Visual Studio Solution File, Format Version 12.00
# Visual Studio 15
VisualStudioVersion = 15.0.28307.438
MinimumVisualStudioVersion = 10.0.40219.1
Project("{FAE04EC0-301F-11D3-BF4B-00C04F79EFBC}") = "Cursed", "Cursed\Cursed.csproj", "{8329818A-002B-4B8F-AAAE-9383729EAAD3}"
EndProject
Global
	GlobalSection(SolutionConfigurationPlatforms) = preSolution
		Debug|Any CPU = Debug|Any CPU
		Release|Any CPU = Release|Any CPU
	EndGlobalSection
	GlobalSection(ProjectConfigurationPlatforms) = postSolution
		{8329818A-002B-4B8F-AAAE-9383729EAAD3}.Debug|Any CPU.ActiveCfg = Debug|Any CPU
		{8329818A-002B-4B8F-AAAE-9383729EAAD3}.Debug|Any CPU.Build.0 = Debug|Any CPU
		{8329818A-002B-4B8F-AAAE-9383729EAAD3}.Release|Any CPU.ActiveCfg = Release|Any CPU
		{8329818A-002B-4B8F-AAAE-9383729EAAD3}.Release|Any CPU.Build.0 = Release|Any CPU
	EndGlobalSection
	GlobalSection(SolutionProperties) = preSolution
		HideSolutionNode = FALSE
	EndGlobalSection
	GlobalSection(ExtensibilityGlobals) = postSolution
		SolutionGuid = {02B74FE2-B382-4749-BF56-67970C16D0C5}
	EndGlobalSection
EndGlobal
